{
  "name": "abqtest-smoketest",
  "version": "0.0.1",
  "lockfileVersion": 3,
  "requires": true,
  "packages": {
    "": {
      "name": "abqtest-smoketest",
      "version": "0.0.1",
      "license": "ISC",
      "devDependencies": {
        "@playwright/test": "file:../../packages/playwright-test"
      }
    },
    "../../packages/playwright-test": {
      "name": "@playwright/test",
      "version": "1.32.0-next",
      "dev": true,
      "license": "Apache-2.0",
      "dependencies": {
        "@rwx-research/abq": "^1.0.0",
        "@types/node": "*",
        "playwright-core": "1.32.0-next"
      },
      "bin": {
        "playwright": "cli.js"
      },
      "engines": {
        "node": ">=14"
      },
      "optionalDependencies": {
        "fsevents": "2.3.2"
      }
    },
    "node_modules/@playwright/test": {
      "resolved": "../../packages/playwright-test",
      "link": true
    }
  }
}
